
Microsoft Visual Studio Solution File, Format Version 12.00
# Visual Studio Version 16
VisualStudioVersion = 16.0.30114.105
MinimumVisualStudioVersion = 10.0.40219.1
Project("{2150E333-8FDC-42A3-9474-1A3956D46DE8}") = "Source", "Source", "{543E7F50-CBD4-11EC-B23C-039B56796AD4}"
EndProject
Project("{2150E333-8FDC-42A3-9474-1A3956D46DE8}") = "Tests", "Tests", "{5922F050-CBD4-11EC-B23C-039B56796AD4}"
EndProject
Project("{FAE04EC0-301F-11D3-BF4B-00C04F79EFBC}") = "FileSystemApi", "Source\FileSystemApi\FileSystemApi.csproj", "{BFE273D5-B87F-40BD-8022-DD1A5668A064}"
EndProject
Project("{FAE04EC0-301F-11D3-BF4B-00C04F79EFBC}") = "FileSystemApi.IntegrationTests", "Tests\FileSystemApi.IntegrationTests\FileSystemApi.IntegrationTests.csproj", "{6752ED0B-71C9-47F8-8F86-A268E652061F}"
EndProject
Project("{FAE04EC0-301F-11D3-BF4B-00C04F79EFBC}") = "FileSystem", "Source\FileSystem\FileSystem.csproj", "{9B185AB1-95CF-4404-8A12-F6E3F7926DB3}"
EndProject
Global
	GlobalSection(SolutionConfigurationPlatforms) = preSolution
		Debug|Any CPU = Debug|Any CPU
		Release|Any CPU = Release|Any CPU
	EndGlobalSection
	GlobalSection(SolutionProperties) = preSolution
		HideSolutionNode = FALSE
	EndGlobalSection
	GlobalSection(ProjectConfigurationPlatforms) = postSolution
		{BFE273D5-B87F-40BD-8022-DD1A5668A064}.Debug|Any CPU.ActiveCfg = Debug|Any CPU
		{BFE273D5-B87F-40BD-8022-DD1A5668A064}.Debug|Any CPU.Build.0 = Debug|Any CPU
		{BFE273D5-B87F-40BD-8022-DD1A5668A064}.Release|Any CPU.ActiveCfg = Release|Any CPU
		{BFE273D5-B87F-40BD-8022-DD1A5668A064}.Release|Any CPU.Build.0 = Release|Any CPU
		{6752ED0B-71C9-47F8-8F86-A268E652061F}.Debug|Any CPU.ActiveCfg = Debug|Any CPU
		{6752ED0B-71C9-47F8-8F86-A268E652061F}.Debug|Any CPU.Build.0 = Debug|Any CPU
		{6752ED0B-71C9-47F8-8F86-A268E652061F}.Release|Any CPU.ActiveCfg = Release|Any CPU
		{6752ED0B-71C9-47F8-8F86-A268E652061F}.Release|Any CPU.Build.0 = Release|Any CPU
		{9B185AB1-95CF-4404-8A12-F6E3F7926DB3}.Debug|Any CPU.ActiveCfg = Debug|Any CPU
		{9B185AB1-95CF-4404-8A12-F6E3F7926DB3}.Debug|Any CPU.Build.0 = Debug|Any CPU
		{9B185AB1-95CF-4404-8A12-F6E3F7926DB3}.Release|Any CPU.ActiveCfg = Release|Any CPU
		{9B185AB1-95CF-4404-8A12-F6E3F7926DB3}.Release|Any CPU.Build.0 = Release|Any CPU
	EndGlobalSection
	GlobalSection(NestedProjects) = preSolution
		{BFE273D5-B87F-40BD-8022-DD1A5668A064} = {543E7F50-CBD4-11EC-B23C-039B56796AD4}
		{6752ED0B-71C9-47F8-8F86-A268E652061F} = {5922F050-CBD4-11EC-B23C-039B56796AD4}
		{9B185AB1-95CF-4404-8A12-F6E3F7926DB3} = {543E7F50-CBD4-11EC-B23C-039B56796AD4}
	EndGlobalSection
EndGlobal
